// !$*UTF8*$!
{
	archiveVersion = 1;
	classes = {
	};
	objectVersion = 46;
	objects = {

/* Begin PBXBuildFile section */
		31FA158548FD829A7BD855CE /* libPods-recorderUITests.a in Frameworks */ = {isa = PBXBuildFile; fileRef = C667C0A3F98B8E52A0D9586C /* libPods-recorderUITests.a */; };
		77978B721D37D7F4006792AF /* main.m in Sources */ = {isa = PBXBuildFile; fileRef = 77978B711D37D7F4006792AF /* main.m */; };
		77978B751D37D7F4006792AF /* AppDelegate.m in Sources */ = {isa = PBXBuildFile; fileRef = 77978B741D37D7F4006792AF /* AppDelegate.m */; };
		77978B781D37D7F4006792AF /* ViewController.m in Sources */ = {isa = PBXBuildFile; fileRef = 77978B771D37D7F4006792AF /* ViewController.m */; };
		77978B7B1D37D7F4006792AF /* Main.storyboard in Resources */ = {isa = PBXBuildFile; fileRef = 77978B791D37D7F4006792AF /* Main.storyboard */; };
		77978B7E1D37D7F4006792AF /* recorder.xcdatamodeld in Sources */ = {isa = PBXBuildFile; fileRef = 77978B7C1D37D7F4006792AF /* recorder.xcdatamodeld */; };
		77978B801D37D7F4006792AF /* Assets.xcassets in Resources */ = {isa = PBXBuildFile; fileRef = 77978B7F1D37D7F4006792AF /* Assets.xcassets */; };
		77978B831D37D7F4006792AF /* LaunchScreen.storyboard in Resources */ = {isa = PBXBuildFile; fileRef = 77978B811D37D7F4006792AF /* LaunchScreen.storyboard */; };
		77978B8E1D37D7F4006792AF /* recorderTests.m in Sources */ = {isa = PBXBuildFile; fileRef = 77978B8D1D37D7F4006792AF /* recorderTests.m */; };
		77978B991D37D7F4006792AF /* recorderUITests.m in Sources */ = {isa = PBXBuildFile; fileRef = 77978B981D37D7F4006792AF /* recorderUITests.m */; };
		C7D0DB84CEB0F3A4FCF45944 /* libPods-recorder.a in Frameworks */ = {isa = PBXBuildFile; fileRef = 62392C1F9FCCE12E17991EBE /* libPods-recorder.a */; };
		DA6D8037AA9CCE01CCDDCB09 /* libPods-recorderTests.a in Frameworks */ = {isa = PBXBuildFile; fileRef = 95B44C14101828E4EAC8C76C /* libPods-recorderTests.a */; };
/* End PBXBuildFile section */

/* Begin PBXContainerItemProxy section */
		77978B8A1D37D7F4006792AF /* PBXContainerItemProxy */ = {
			isa = PBXContainerItemProxy;
			containerPortal = 77978B651D37D7F4006792AF /* Project object */;
			proxyType = 1;
			remoteGlobalIDString = 77978B6C1D37D7F4006792AF;
			remoteInfo = recorder;
		};
		77978B951D37D7F4006792AF /* PBXContainerItemProxy */ = {
			isa = PBXContainerItemProxy;
			containerPortal = 77978B651D37D7F4006792AF /* Project object */;
			proxyType = 1;
			remoteGlobalIDString = 77978B6C1D37D7F4006792AF;
			remoteInfo = recorder;
		};
/* End PBXContainerItemProxy section */

/* Begin PBXFileReference section */
		38C1035D28A9033176BD2972 /* Pods-recorder.release.xcconfig */ = {isa = PBXFileReference; includeInIndex = 1; lastKnownFileType = text.xcconfig; name = "Pods-recorder.release.xcconfig"; path = "Pods/Target Support Files/Pods-recorder/Pods-recorder.release.xcconfig"; sourceTree = "<group>"; };
		41155AF6E9DEAC3F4B904382 /* Pods-recorderUITests.release.xcconfig */ = {isa = PBXFileReference; includeInIndex = 1; lastKnownFileType = text.xcconfig; name = "Pods-recorderUITests.release.xcconfig"; path = "Pods/Target Support Files/Pods-recorderUITests/Pods-recorderUITests.release.xcconfig"; sourceTree = "<group>"; };
		5352D467C0FE6D0FC1932D29 /* Pods-recorderUITests.debug.xcconfig */ = {isa = PBXFileReference; includeInIndex = 1; lastKnownFileType = text.xcconfig; name = "Pods-recorderUITests.debug.xcconfig"; path = "Pods/Target Support Files/Pods-recorderUITests/Pods-recorderUITests.debug.xcconfig"; sourceTree = "<group>"; };
		5FAD9A1F7AF3CD86A8337A15 /* Pods-recorderTests.release.xcconfig */ = {isa = PBXFileReference; includeInIndex = 1; lastKnownFileType = text.xcconfig; name = "Pods-recorderTests.release.xcconfig"; path = "Pods/Target Support Files/Pods-recorderTests/Pods-recorderTests.release.xcconfig"; sourceTree = "<group>"; };
		62392C1F9FCCE12E17991EBE /* libPods-recorder.a */ = {isa = PBXFileReference; explicitFileType = archive.ar; includeInIndex = 0; path = "libPods-recorder.a"; sourceTree = BUILT_PRODUCTS_DIR; };
		77978B6D1D37D7F4006792AF /* recorder.app */ = {isa = PBXFileReference; explicitFileType = wrapper.application; includeInIndex = 0; path = recorder.app; sourceTree = BUILT_PRODUCTS_DIR; };
		77978B711D37D7F4006792AF /* main.m */ = {isa = PBXFileReference; lastKnownFileType = sourcecode.c.objc; path = main.m; sourceTree = "<group>"; };
		77978B731D37D7F4006792AF /* AppDelegate.h */ = {isa = PBXFileReference; lastKnownFileType = sourcecode.c.h; path = AppDelegate.h; sourceTree = "<group>"; };
		77978B741D37D7F4006792AF /* AppDelegate.m */ = {isa = PBXFileReference; lastKnownFileType = sourcecode.c.objc; path = AppDelegate.m; sourceTree = "<group>"; };
		77978B761D37D7F4006792AF /* ViewController.h */ = {isa = PBXFileReference; lastKnownFileType = sourcecode.c.h; path = ViewController.h; sourceTree = "<group>"; };
		77978B771D37D7F4006792AF /* ViewController.m */ = {isa = PBXFileReference; lastKnownFileType = sourcecode.c.objc; path = ViewController.m; sourceTree = "<group>"; };
		77978B7A1D37D7F4006792AF /* Base */ = {isa = PBXFileReference; lastKnownFileType = file.storyboard; name = Base; path = Base.lproj/Main.storyboard; sourceTree = "<group>"; };
		77978B7D1D37D7F4006792AF /* recorder.xcdatamodel */ = {isa = PBXFileReference; lastKnownFileType = wrapper.xcdatamodel; path = recorder.xcdatamodel; sourceTree = "<group>"; };
		77978B7F1D37D7F4006792AF /* Assets.xcassets */ = {isa = PBXFileReference; lastKnownFileType = folder.assetcatalog; path = Assets.xcassets; sourceTree = "<group>"; };
		77978B821D37D7F4006792AF /* Base */ = {isa = PBXFileReference; lastKnownFileType = file.storyboard; name = Base; path = Base.lproj/LaunchScreen.storyboard; sourceTree = "<group>"; };
		77978B841D37D7F4006792AF /* Info.plist */ = {isa = PBXFileReference; lastKnownFileType = text.plist.xml; path = Info.plist; sourceTree = "<group>"; };
		77978B891D37D7F4006792AF /* recorderTests.xctest */ = {isa = PBXFileReference; explicitFileType = wrapper.cfbundle; includeInIndex = 0; path = recorderTests.xctest; sourceTree = BUILT_PRODUCTS_DIR; };
		77978B8D1D37D7F4006792AF /* recorderTests.m */ = {isa = PBXFileReference; lastKnownFileType = sourcecode.c.objc; path = recorderTests.m; sourceTree = "<group>"; };
		77978B8F1D37D7F4006792AF /* Info.plist */ = {isa = PBXFileReference; lastKnownFileType = text.plist.xml; path = Info.plist; sourceTree = "<group>"; };
		77978B941D37D7F4006792AF /* recorderUITests.xctest */ = {isa = PBXFileReference; explicitFileType = wrapper.cfbundle; includeInIndex = 0; path = recorderUITests.xctest; sourceTree = BUILT_PRODUCTS_DIR; };
		77978B981D37D7F4006792AF /* recorderUITests.m */ = {isa = PBXFileReference; lastKnownFileType = sourcecode.c.objc; path = recorderUITests.m; sourceTree = "<group>"; };
		77978B9A1D37D7F4006792AF /* Info.plist */ = {isa = PBXFileReference; lastKnownFileType = text.plist.xml; path = Info.plist; sourceTree = "<group>"; };
		95B44C14101828E4EAC8C76C /* libPods-recorderTests.a */ = {isa = PBXFileReference; explicitFileType = archive.ar; includeInIndex = 0; path = "libPods-recorderTests.a"; sourceTree = BUILT_PRODUCTS_DIR; };
		C1F61619BF500B7F55807F6D /* Pods-recorderTests.debug.xcconfig */ = {isa = PBXFileReference; includeInIndex = 1; lastKnownFileType = text.xcconfig; name = "Pods-recorderTests.debug.xcconfig"; path = "Pods/Target Support Files/Pods-recorderTests/Pods-recorderTests.debug.xcconfig"; sourceTree = "<group>"; };
		C667C0A3F98B8E52A0D9586C /* libPods-recorderUITests.a */ = {isa = PBXFileReference; explicitFileType = archive.ar; includeInIndex = 0; path = "libPods-recorderUITests.a"; sourceTree = BUILT_PRODUCTS_DIR; };
		D382C592D63B97F5BC75A015 /* Pods-recorder.debug.xcconfig */ = {isa = PBXFileReference; includeInIndex = 1; lastKnownFileType = text.xcconfig; name = "Pods-recorder.debug.xcconfig"; path = "Pods/Target Support Files/Pods-recorder/Pods-recorder.debug.xcconfig"; sourceTree = "<group>"; };
/* End PBXFileReference section */

/* Begin PBXFrameworksBuildPhase section */
		77978B6A1D37D7F4006792AF /* Frameworks */ = {
			isa = PBXFrameworksBuildPhase;
			buildActionMask = 2147483647;
			files = (
				C7D0DB84CEB0F3A4FCF45944 /* libPods-recorder.a in Frameworks */,
			);
			runOnlyForDeploymentPostprocessing = 0;
		};
		77978B861D37D7F4006792AF /* Frameworks */ = {
			isa = PBXFrameworksBuildPhase;
			buildActionMask = 2147483647;
			files = (
				DA6D8037AA9CCE01CCDDCB09 /* libPods-recorderTests.a in Frameworks */,
			);
			runOnlyForDeploymentPostprocessing = 0;
		};
		77978B911D37D7F4006792AF /* Frameworks */ = {
			isa = PBXFrameworksBuildPhase;
			buildActionMask = 2147483647;
			files = (
				31FA158548FD829A7BD855CE /* libPods-recorderUITests.a in Frameworks */,
			);
			runOnlyForDeploymentPostprocessing = 0;
		};
/* End PBXFrameworksBuildPhase section */

/* Begin PBXGroup section */
		06CC49360B6EE187F503E886 /* Frameworks */ = {
			isa = PBXGroup;
			children = (
				62392C1F9FCCE12E17991EBE /* libPods-recorder.a */,
				95B44C14101828E4EAC8C76C /* libPods-recorderTests.a */,
				C667C0A3F98B8E52A0D9586C /* libPods-recorderUITests.a */,
			);
			name = Frameworks;
			sourceTree = "<group>";
		};
		74388902D266E7D71F98866A /* Pods */ = {
			isa = PBXGroup;
			children = (
				D382C592D63B97F5BC75A015 /* Pods-recorder.debug.xcconfig */,
				38C1035D28A9033176BD2972 /* Pods-recorder.release.xcconfig */,
				C1F61619BF500B7F55807F6D /* Pods-recorderTests.debug.xcconfig */,
				5FAD9A1F7AF3CD86A8337A15 /* Pods-recorderTests.release.xcconfig */,
				5352D467C0FE6D0FC1932D29 /* Pods-recorderUITests.debug.xcconfig */,
				41155AF6E9DEAC3F4B904382 /* Pods-recorderUITests.release.xcconfig */,
			);
			name = Pods;
			sourceTree = "<group>";
		};
		77978B641D37D7F4006792AF = {
			isa = PBXGroup;
			children = (
				77978B6F1D37D7F4006792AF /* recorder */,
				77978B8C1D37D7F4006792AF /* recorderTests */,
				77978B971D37D7F4006792AF /* recorderUITests */,
				77978B6E1D37D7F4006792AF /* Products */,
				74388902D266E7D71F98866A /* Pods */,
				06CC49360B6EE187F503E886 /* Frameworks */,
			);
			sourceTree = "<group>";
		};
		77978B6E1D37D7F4006792AF /* Products */ = {
			isa = PBXGroup;
			children = (
				77978B6D1D37D7F4006792AF /* recorder.app */,
				77978B891D37D7F4006792AF /* recorderTests.xctest */,
				77978B941D37D7F4006792AF /* recorderUITests.xctest */,
			);
			name = Products;
			sourceTree = "<group>";
		};
		77978B6F1D37D7F4006792AF /* recorder */ = {
			isa = PBXGroup;
			children = (
				77978B731D37D7F4006792AF /* AppDelegate.h */,
				77978B741D37D7F4006792AF /* AppDelegate.m */,
				77978B761D37D7F4006792AF /* ViewController.h */,
				77978B771D37D7F4006792AF /* ViewController.m */,
				77978B791D37D7F4006792AF /* Main.storyboard */,
				77978B7F1D37D7F4006792AF /* Assets.xcassets */,
				77978B811D37D7F4006792AF /* LaunchScreen.storyboard */,
				77978B841D37D7F4006792AF /* Info.plist */,
				77978B7C1D37D7F4006792AF /* recorder.xcdatamodeld */,
				77978B701D37D7F4006792AF /* Supporting Files */,
			);
			path = recorder;
			sourceTree = "<group>";
		};
		77978B701D37D7F4006792AF /* Supporting Files */ = {
			isa = PBXGroup;
			children = (
				77978B711D37D7F4006792AF /* main.m */,
			);
			name = "Supporting Files";
			sourceTree = "<group>";
		};
		77978B8C1D37D7F4006792AF /* recorderTests */ = {
			isa = PBXGroup;
			children = (
				77978B8D1D37D7F4006792AF /* recorderTests.m */,
				77978B8F1D37D7F4006792AF /* Info.plist */,
			);
			path = recorderTests;
			sourceTree = "<group>";
		};
		77978B971D37D7F4006792AF /* recorderUITests */ = {
			isa = PBXGroup;
			children = (
				77978B981D37D7F4006792AF /* recorderUITests.m */,
				77978B9A1D37D7F4006792AF /* Info.plist */,
			);
			path = recorderUITests;
			sourceTree = "<group>";
		};
/* End PBXGroup section */

/* Begin PBXNativeTarget section */
		77978B6C1D37D7F4006792AF /* recorder */ = {
			isa = PBXNativeTarget;
			buildConfigurationList = 77978B9D1D37D7F4006792AF /* Build configuration list for PBXNativeTarget "recorder" */;
			buildPhases = (
				EC033080DEFD9BCEDC5436F6 /* 📦 Check Pods Manifest.lock */,
				77978B691D37D7F4006792AF /* Sources */,
				77978B6A1D37D7F4006792AF /* Frameworks */,
				77978B6B1D37D7F4006792AF /* Resources */,
				2F6D74105A2D90068BCF2BAE /* 📦 Embed Pods Frameworks */,
				CD874091B97EBFAF0ECEFCC1 /* 📦 Copy Pods Resources */,
			);
			buildRules = (
			);
			dependencies = (
			);
			name = recorder;
			productName = recorder;
			productReference = 77978B6D1D37D7F4006792AF /* recorder.app */;
			productType = "com.apple.product-type.application";
		};
		77978B881D37D7F4006792AF /* recorderTests */ = {
			isa = PBXNativeTarget;
			buildConfigurationList = 77978BA01D37D7F4006792AF /* Build configuration list for PBXNativeTarget "recorderTests" */;
			buildPhases = (
				440DCABCB7A8FE7B2630F6D3 /* 📦 Check Pods Manifest.lock */,
				77978B851D37D7F4006792AF /* Sources */,
				77978B861D37D7F4006792AF /* Frameworks */,
				77978B871D37D7F4006792AF /* Resources */,
				4666046077EECFB27EA627DC /* 📦 Embed Pods Frameworks */,
				AFA8902242D499B287C4F77E /* 📦 Copy Pods Resources */,
			);
			buildRules = (
			);
			dependencies = (
				77978B8B1D37D7F4006792AF /* PBXTargetDependency */,
			);
			name = recorderTests;
			productName = recorderTests;
			productReference = 77978B891D37D7F4006792AF /* recorderTests.xctest */;
			productType = "com.apple.product-type.bundle.unit-test";
		};
		77978B931D37D7F4006792AF /* recorderUITests */ = {
			isa = PBXNativeTarget;
			buildConfigurationList = 77978BA31D37D7F4006792AF /* Build configuration list for PBXNativeTarget "recorderUITests" */;
			buildPhases = (
				76AE15D694DA2C692E651CFD /* 📦 Check Pods Manifest.lock */,
				77978B901D37D7F4006792AF /* Sources */,
				77978B911D37D7F4006792AF /* Frameworks */,
				77978B921D37D7F4006792AF /* Resources */,
				215BCDBCE118A1A48E7F8DED /* 📦 Copy Pods Resources */,
			);
			buildRules = (
			);
			dependencies = (
				77978B961D37D7F4006792AF /* PBXTargetDependency */,
			);
			name = recorderUITests;
			productName = recorderUITests;
			productReference = 77978B941D37D7F4006792AF /* recorderUITests.xctest */;
			productType = "com.apple.product-type.bundle.ui-testing";
		};
/* End PBXNativeTarget section */

/* Begin PBXProject section */
		77978B651D37D7F4006792AF /* Project object */ = {
			isa = PBXProject;
			attributes = {
				LastUpgradeCheck = 0730;
				ORGANIZATIONNAME = RemiGuyon;
				TargetAttributes = {
					77978B6C1D37D7F4006792AF = {
						CreatedOnToolsVersion = 7.3.1;
					};
					77978B881D37D7F4006792AF = {
						CreatedOnToolsVersion = 7.3.1;
						TestTargetID = 77978B6C1D37D7F4006792AF;
					};
					77978B931D37D7F4006792AF = {
						CreatedOnToolsVersion = 7.3.1;
						TestTargetID = 77978B6C1D37D7F4006792AF;
					};
				};
			};
			buildConfigurationList = 77978B681D37D7F4006792AF /* Build configuration list for PBXProject "recorder" */;
			compatibilityVersion = "Xcode 3.2";
			developmentRegion = English;
			hasScannedForEncodings = 0;
			knownRegions = (
				en,
				Base,
			);
			mainGroup = 77978B641D37D7F4006792AF;
			productRefGroup = 77978B6E1D37D7F4006792AF /* Products */;
			projectDirPath = "";
			projectRoot = "";
			targets = (
				77978B6C1D37D7F4006792AF /* recorder */,
				77978B881D37D7F4006792AF /* recorderTests */,
				77978B931D37D7F4006792AF /* recorderUITests */,
			);
		};
/* End PBXProject section */

/* Begin PBXResourcesBuildPhase section */
		77978B6B1D37D7F4006792AF /* Resources */ = {
			isa = PBXResourcesBuildPhase;
			buildActionMask = 2147483647;
			files = (
				77978B831D37D7F4006792AF /* LaunchScreen.storyboard in Resources */,
				77978B801D37D7F4006792AF /* Assets.xcassets in Resources */,
				77978B7B1D37D7F4006792AF /* Main.storyboard in Resources */,
			);
			runOnlyForDeploymentPostprocessing = 0;
		};
		77978B871D37D7F4006792AF /* Resources */ = {
			isa = PBXResourcesBuildPhase;
			buildActionMask = 2147483647;
			files = (
			);
			runOnlyForDeploymentPostprocessing = 0;
		};
		77978B921D37D7F4006792AF /* Resources */ = {
			isa = PBXResourcesBuildPhase;
			buildActionMask = 2147483647;
			files = (
			);
			runOnlyForDeploymentPostprocessing = 0;
		};
/* End PBXResourcesBuildPhase section */

/* Begin PBXShellScriptBuildPhase section */
		215BCDBCE118A1A48E7F8DED /* 📦 Copy Pods Resources */ = {
			isa = PBXShellScriptBuildPhase;
			buildActionMask = 2147483647;
			files = (
			);
			inputPaths = (
			);
			name = "📦 Copy Pods Resources";
			outputPaths = (
			);
			runOnlyForDeploymentPostprocessing = 0;
			shellPath = /bin/sh;
			shellScript = "\"${SRCROOT}/Pods/Target Support Files/Pods-recorderUITests/Pods-recorderUITests-resources.sh\"\n";
			showEnvVarsInLog = 0;
		};
		2F6D74105A2D90068BCF2BAE /* 📦 Embed Pods Frameworks */ = {
			isa = PBXShellScriptBuildPhase;
			buildActionMask = 2147483647;
			files = (
			);
			inputPaths = (
			);
			name = "📦 Embed Pods Frameworks";
			outputPaths = (
			);
			runOnlyForDeploymentPostprocessing = 0;
			shellPath = /bin/sh;
			shellScript = "\"${SRCROOT}/Pods/Target Support Files/Pods-recorder/Pods-recorder-frameworks.sh\"\n";
			showEnvVarsInLog = 0;
		};
		440DCABCB7A8FE7B2630F6D3 /* 📦 Check Pods Manifest.lock */ = {
			isa = PBXShellScriptBuildPhase;
			buildActionMask = 2147483647;
			files = (
			);
			inputPaths = (
			);
			name = "📦 Check Pods Manifest.lock";
			outputPaths = (
			);
			runOnlyForDeploymentPostprocessing = 0;
			shellPath = /bin/sh;
			shellScript = "diff \"${PODS_ROOT}/../Podfile.lock\" \"${PODS_ROOT}/Manifest.lock\" > /dev/null\nif [[ $? != 0 ]] ; then\n    cat << EOM\nerror: The sandbox is not in sync with the Podfile.lock. Run 'pod install' or update your CocoaPods installation.\nEOM\n    exit 1\nfi\n";
			showEnvVarsInLog = 0;
		};
		4666046077EECFB27EA627DC /* 📦 Embed Pods Frameworks */ = {
			isa = PBXShellScriptBuildPhase;
			buildActionMask = 2147483647;
			files = (
			);
			inputPaths = (
			);
			name = "📦 Embed Pods Frameworks";
			outputPaths = (
			);
			runOnlyForDeploymentPostprocessing = 0;
			shellPath = /bin/sh;
			shellScript = "\"${SRCROOT}/Pods/Target Support Files/Pods-recorderTests/Pods-recorderTests-frameworks.sh\"\n";
			showEnvVarsInLog = 0;
		};
		76AE15D694DA2C692E651CFD /* 📦 Check Pods Manifest.lock */ = {
			isa = PBXShellScriptBuildPhase;
			buildActionMask = 2147483647;
			files = (
			);
			inputPaths = (
			);
			name = "📦 Check Pods Manifest.lock";
			outputPaths = (
			);
			runOnlyForDeploymentPostprocessing = 0;
			shellPath = /bin/sh;
			shellScript = "diff \"${PODS_ROOT}/../Podfile.lock\" \"${PODS_ROOT}/Manifest.lock\" > /dev/null\nif [[ $? != 0 ]] ; then\n    cat << EOM\nerror: The sandbox is not in sync with the Podfile.lock. Run 'pod install' or update your CocoaPods installation.\nEOM\n    exit 1\nfi\n";
			showEnvVarsInLog = 0;
		};
		AFA8902242D499B287C4F77E /* 📦 Copy Pods Resources */ = {
			isa = PBXShellScriptBuildPhase;
			buildActionMask = 2147483647;
			files = (
			);
			inputPaths = (
			);
			name = "📦 Copy Pods Resources";
			outputPaths = (
			);
			runOnlyForDeploymentPostprocessing = 0;
			shellPath = /bin/sh;
			shellScript = "\"${SRCROOT}/Pods/Target Support Files/Pods-recorderTests/Pods-recorderTests-resources.sh\"\n";
			showEnvVarsInLog = 0;
		};
		CD874091B97EBFAF0ECEFCC1 /* 📦 Copy Pods Resources */ = {
			isa = PBXShellScriptBuildPhase;
			buildActionMask = 2147483647;
			files = (
			);
			inputPaths = (
			);
			name = "📦 Copy Pods Resources";
			outputPaths = (
			);
			runOnlyForDeploymentPostprocessing = 0;
			shellPath = /bin/sh;
			shellScript = "\"${SRCROOT}/Pods/Target Support Files/Pods-recorder/Pods-recorder-resources.sh\"\n";
			showEnvVarsInLog = 0;
		};
		EC033080DEFD9BCEDC5436F6 /* 📦 Check Pods Manifest.lock */ = {
			isa = PBXShellScriptBuildPhase;
			buildActionMask = 2147483647;
			files = (
			);
			inputPaths = (
			);
			name = "📦 Check Pods Manifest.lock";
			outputPaths = (
			);
			runOnlyForDeploymentPostprocessing = 0;
			shellPath = /bin/sh;
			shellScript = "diff \"${PODS_ROOT}/../Podfile.lock\" \"${PODS_ROOT}/Manifest.lock\" > /dev/null\nif [[ $? != 0 ]] ; then\n    cat << EOM\nerror: The sandbox is not in sync with the Podfile.lock. Run 'pod install' or update your CocoaPods installation.\nEOM\n    exit 1\nfi\n";
			showEnvVarsInLog = 0;
		};
/* End PBXShellScriptBuildPhase section */

/* Begin PBXSourcesBuildPhase section */
		77978B691D37D7F4006792AF /* Sources */ = {
			isa = PBXSourcesBuildPhase;
			buildActionMask = 2147483647;
			files = (
				77978B781D37D7F4006792AF /* ViewController.m in Sources */,
				77978B751D37D7F4006792AF /* AppDelegate.m in Sources */,
				77978B721D37D7F4006792AF /* main.m in Sources */,
				77978B7E1D37D7F4006792AF /* recorder.xcdatamodeld in Sources */,
			);
			runOnlyForDeploymentPostprocessing = 0;
		};
		77978B851D37D7F4006792AF /* Sources */ = {
			isa = PBXSourcesBuildPhase;
			buildActionMask = 2147483647;
			files = (
				77978B8E1D37D7F4006792AF /* recorderTests.m in Sources */,
			);
			runOnlyForDeploymentPostprocessing = 0;
		};
		77978B901D37D7F4006792AF /* Sources */ = {
			isa = PBXSourcesBuildPhase;
			buildActionMask = 2147483647;
			files = (
				77978B991D37D7F4006792AF /* recorderUITests.m in Sources */,
			);
			runOnlyForDeploymentPostprocessing = 0;
		};
/* End PBXSourcesBuildPhase section */

/* Begin PBXTargetDependency section */
		77978B8B1D37D7F4006792AF /* PBXTargetDependency */ = {
			isa = PBXTargetDependency;
			target = 77978B6C1D37D7F4006792AF /* recorder */;
			targetProxy = 77978B8A1D37D7F4006792AF /* PBXContainerItemProxy */;
		};
		77978B961D37D7F4006792AF /* PBXTargetDependency */ = {
			isa = PBXTargetDependency;
			target = 77978B6C1D37D7F4006792AF /* recorder */;
			targetProxy = 77978B951D37D7F4006792AF /* PBXContainerItemProxy */;
		};
/* End PBXTargetDependency section */

/* Begin PBXVariantGroup section */
		77978B791D37D7F4006792AF /* Main.storyboard */ = {
			isa = PBXVariantGroup;
			children = (
				77978B7A1D37D7F4006792AF /* Base */,
			);
			name = Main.storyboard;
			sourceTree = "<group>";
		};
		77978B811D37D7F4006792AF /* LaunchScreen.storyboard */ = {
			isa = PBXVariantGroup;
			children = (
				77978B821D37D7F4006792AF /* Base */,
			);
			name = LaunchScreen.storyboard;
			sourceTree = "<group>";
		};
/* End PBXVariantGroup section */

/* Begin XCBuildConfiguration section */
		77978B9B1D37D7F4006792AF /* Debug */ = {
			isa = XCBuildConfiguration;
			buildSettings = {
				ALWAYS_SEARCH_USER_PATHS = NO;
				CLANG_ANALYZER_NONNULL = YES;
				CLANG_CXX_LANGUAGE_STANDARD = "gnu++0x";
				CLANG_CXX_LIBRARY = "libc++";
				CLANG_ENABLE_MODULES = YES;
				CLANG_ENABLE_OBJC_ARC = YES;
				CLANG_WARN_BOOL_CONVERSION = YES;
				CLANG_WARN_CONSTANT_CONVERSION = YES;
				CLANG_WARN_DIRECT_OBJC_ISA_USAGE = YES_ERROR;
				CLANG_WARN_EMPTY_BODY = YES;
				CLANG_WARN_ENUM_CONVERSION = YES;
				CLANG_WARN_INT_CONVERSION = YES;
				CLANG_WARN_OBJC_ROOT_CLASS = YES_ERROR;
				CLANG_WARN_UNREACHABLE_CODE = YES;
				CLANG_WARN__DUPLICATE_METHOD_MATCH = YES;
				"CODE_SIGN_IDENTITY[sdk=iphoneos*]" = "iPhone Developer";
				COPY_PHASE_STRIP = NO;
				DEBUG_INFORMATION_FORMAT = dwarf;
				ENABLE_STRICT_OBJC_MSGSEND = YES;
				ENABLE_TESTABILITY = YES;
				GCC_C_LANGUAGE_STANDARD = gnu99;
				GCC_DYNAMIC_NO_PIC = NO;
				GCC_NO_COMMON_BLOCKS = YES;
				GCC_OPTIMIZATION_LEVEL = 0;
				GCC_PREPROCESSOR_DEFINITIONS = (
					"DEBUG=1",
					"$(inherited)",
				);
				GCC_WARN_64_TO_32_BIT_CONVERSION = YES;
				GCC_WARN_ABOUT_RETURN_TYPE = YES_ERROR;
				GCC_WARN_UNDECLARED_SELECTOR = YES;
				GCC_WARN_UNINITIALIZED_AUTOS = YES_AGGRESSIVE;
				GCC_WARN_UNUSED_FUNCTION = YES;
				GCC_WARN_UNUSED_VARIABLE = YES;
				IPHONEOS_DEPLOYMENT_TARGET = 9.3;
				MTL_ENABLE_DEBUG_INFO = YES;
				ONLY_ACTIVE_ARCH = YES;
				SDKROOT = iphoneos;
				TARGETED_DEVICE_FAMILY = "1,2";
			};
			name = Debug;
		};
		77978B9C1D37D7F4006792AF /* Release */ = {
			isa = XCBuildConfiguration;
			buildSettings = {
				ALWAYS_SEARCH_USER_PATHS = NO;
				CLANG_ANALYZER_NONNULL = YES;
				CLANG_CXX_LANGUAGE_STANDARD = "gnu++0x";
				CLANG_CXX_LIBRARY = "libc++";
				CLANG_ENABLE_MODULES = YES;
				CLANG_ENABLE_OBJC_ARC = YES;
				CLANG_WARN_BOOL_CONVERSION = YES;
				CLANG_WARN_CONSTANT_CONVERSION = YES;
				CLANG_WARN_DIRECT_OBJC_ISA_USAGE = YES_ERROR;
				CLANG_WARN_EMPTY_BODY = YES;
				CLANG_WARN_ENUM_CONVERSION = YES;
				CLANG_WARN_INT_CONVERSION = YES;
				CLANG_WARN_OBJC_ROOT_CLASS = YES_ERROR;
				CLANG_WARN_UNREACHABLE_CODE = YES;
				CLANG_WARN__DUPLICATE_METHOD_MATCH = YES;
				"CODE_SIGN_IDENTITY[sdk=iphoneos*]" = "iPhone Developer";
				COPY_PHASE_STRIP = NO;
				DEBUG_INFORMATION_FORMAT = "dwarf-with-dsym";
				ENABLE_NS_ASSERTIONS = NO;
				ENABLE_STRICT_OBJC_MSGSEND = YES;
				GCC_C_LANGUAGE_STANDARD = gnu99;
				GCC_NO_COMMON_BLOCKS = YES;
				GCC_WARN_64_TO_32_BIT_CONVERSION = YES;
				GCC_WARN_ABOUT_RETURN_TYPE = YES_ERROR;
				GCC_WARN_UNDECLARED_SELECTOR = YES;
				GCC_WARN_UNINITIALIZED_AUTOS = YES_AGGRESSIVE;
				GCC_WARN_UNUSED_FUNCTION = YES;
				GCC_WARN_UNUSED_VARIABLE = YES;
				IPHONEOS_DEPLOYMENT_TARGET = 9.3;
				MTL_ENABLE_DEBUG_INFO = NO;
				SDKROOT = iphoneos;
				TARGETED_DEVICE_FAMILY = "1,2";
				VALIDATE_PRODUCT = YES;
			};
			name = Release;
		};
		77978B9E1D37D7F4006792AF /* Debug */ = {
			isa = XCBuildConfiguration;
			baseConfigurationReference = D382C592D63B97F5BC75A015 /* Pods-recorder.debug.xcconfig */;
			buildSettings = {
				ASSETCATALOG_COMPILER_APPICON_NAME = AppIcon;
				CURRENT_PROJECT_VERSION = 1;
				INFOPLIST_FILE = recorder/Info.plist;
				LD_RUNPATH_SEARCH_PATHS = "$(inherited) @executable_path/Frameworks";
				PRODUCT_BUNDLE_IDENTIFIER = com.remiguyon.recorder;
				PRODUCT_NAME = "$(TARGET_NAME)";
				VERSIONING_SYSTEM = "apple-generic";
			};
			name = Debug;
		};
		77978B9F1D37D7F4006792AF /* Release */ = {
			isa = XCBuildConfiguration;
			baseConfigurationReference = 38C1035D28A9033176BD2972 /* Pods-recorder.release.xcconfig */;
			buildSettings = {
				ASSETCATALOG_COMPILER_APPICON_NAME = AppIcon;
				CURRENT_PROJECT_VERSION = 1;
				INFOPLIST_FILE = recorder/Info.plist;
				LD_RUNPATH_SEARCH_PATHS = "$(inherited) @executable_path/Frameworks";
				PRODUCT_BUNDLE_IDENTIFIER = com.remiguyon.recorder;
				PRODUCT_NAME = "$(TARGET_NAME)";
				VERSIONING_SYSTEM = "apple-generic";
			};
			name = Release;
		};
		77978BA11D37D7F4006792AF /* Debug */ = {
			isa = XCBuildConfiguration;
			baseConfigurationReference = C1F61619BF500B7F55807F6D /* Pods-recorderTests.debug.xcconfig */;
			buildSettings = {
				BUNDLE_LOADER = "$(TEST_HOST)";
				INFOPLIST_FILE = recorderTests/Info.plist;
				LD_RUNPATH_SEARCH_PATHS = "$(inherited) @executable_path/Frameworks @loader_path/Frameworks";
				PRODUCT_BUNDLE_IDENTIFIER = com.remiguyon.recorderTests;
				PRODUCT_NAME = "$(TARGET_NAME)";
				TEST_HOST = "$(BUILT_PRODUCTS_DIR)/recorder.app/recorder";
			};
			name = Debug;
		};
		77978BA21D37D7F4006792AF /* Release */ = {
			isa = XCBuildConfiguration;
			baseConfigurationReference = 5FAD9A1F7AF3CD86A8337A15 /* Pods-recorderTests.release.xcconfig */;
			buildSettings = {
				BUNDLE_LOADER = "$(TEST_HOST)";
				INFOPLIST_FILE = recorderTests/Info.plist;
				LD_RUNPATH_SEARCH_PATHS = "$(inherited) @executable_path/Frameworks @loader_path/Frameworks";
				PRODUCT_BUNDLE_IDENTIFIER = com.remiguyon.recorderTests;
				PRODUCT_NAME = "$(TARGET_NAME)";
				TEST_HOST = "$(BUILT_PRODUCTS_DIR)/recorder.app/recorder";
			};
			name = Release;
		};
		77978BA41D37D7F4006792AF /* Debug */ = {
			isa = XCBuildConfiguration;
			baseConfigurationReference = 5352D467C0FE6D0FC1932D29 /* Pods-recorderUITests.debug.xcconfig */;
			buildSettings = {
				INFOPLIST_FILE = recorderUITests/Info.plist;
				LD_RUNPATH_SEARCH_PATHS = "$(inherited) @executable_path/Frameworks @loader_path/Frameworks";
				PRODUCT_BUNDLE_IDENTIFIER = com.remiguyon.recorderUITests;
				PRODUCT_NAME = "$(TARGET_NAME)";
				TEST_TARGET_NAME = recorder;
			};
			name = Debug;
		};
		77978BA51D37D7F4006792AF /* Release */ = {
			isa = XCBuildConfiguration;
			baseConfigurationReference = 41155AF6E9DEAC3F4B904382 /* Pods-recorderUITests.release.xcconfig */;
			buildSettings = {
				INFOPLIST_FILE = recorderUITests/Info.plist;
				LD_RUNPATH_SEARCH_PATHS = "$(inherited) @executable_path/Frameworks @loader_path/Frameworks";
				PRODUCT_BUNDLE_IDENTIFIER = com.remiguyon.recorderUITests;
				PRODUCT_NAME = "$(TARGET_NAME)";
				TEST_TARGET_NAME = recorder;
			};
			name = Release;
		};
/* End XCBuildConfiguration section */

/* Begin XCConfigurationList section */
		77978B681D37D7F4006792AF /* Build configuration list for PBXProject "recorder" */ = {
			isa = XCConfigurationList;
			buildConfigurations = (
				77978B9B1D37D7F4006792AF /* Debug */,
				77978B9C1D37D7F4006792AF /* Release */,
			);
			defaultConfigurationIsVisible = 0;
			defaultConfigurationName = Release;
		};
		77978B9D1D37D7F4006792AF /* Build configuration list for PBXNativeTarget "recorder" */ = {
			isa = XCConfigurationList;
			buildConfigurations = (
				77978B9E1D37D7F4006792AF /* Debug */,
				77978B9F1D37D7F4006792AF /* Release */,
			);
			defaultConfigurationIsVisible = 0;
			defaultConfigurationName = Release;
		};
		77978BA01D37D7F4006792AF /* Build configuration list for PBXNativeTarget "recorderTests" */ = {
			isa = XCConfigurationList;
			buildConfigurations = (
				77978BA11D37D7F4006792AF /* Debug */,
				77978BA21D37D7F4006792AF /* Release */,
			);
			defaultConfigurationIsVisible = 0;
			defaultConfigurationName = Release;
		};
		77978BA31D37D7F4006792AF /* Build configuration list for PBXNativeTarget "recorderUITests" */ = {
			isa = XCConfigurationList;
			buildConfigurations = (
				77978BA41D37D7F4006792AF /* Debug */,
				77978BA51D37D7F4006792AF /* Release */,
			);
			defaultConfigurationIsVisible = 0;
			defaultConfigurationName = Release;
		};
/* End XCConfigurationList section */

/* Begin XCVersionGroup section */
		77978B7C1D37D7F4006792AF /* recorder.xcdatamodeld */ = {
			isa = XCVersionGroup;
			children = (
				77978B7D1D37D7F4006792AF /* recorder.xcdatamodel */,
			);
			currentVersion = 77978B7D1D37D7F4006792AF /* recorder.xcdatamodel */;
			path = recorder.xcdatamodeld;
			sourceTree = "<group>";
			versionGroupType = wrapper.xcdatamodel;
		};
/* End XCVersionGroup section */
	};
	rootObject = 77978B651D37D7F4006792AF /* Project object */;
}
